
Microsoft Visual Studio Solution File, Format Version 12.00
# Visual Studio Version 16
VisualStudioVersion = 16.0.29318.209
MinimumVisualStudioVersion = 10.0.40219.1
Project("{FAE04EC0-301F-11D3-BF4B-00C04F79EFBC}") = "WorkflowAnalyser", "WorkflowAnalyser\WorkflowAnalyser.csproj", "{F91BBDBD-636B-458E-BFCB-4B4BCCC1924B}"
EndProject
Global
	GlobalSection(SolutionConfigurationPlatforms) = preSolution
		Debug|Any CPU = Debug|Any CPU
		Release|Any CPU = Release|Any CPU
	EndGlobalSection
	GlobalSection(ProjectConfigurationPlatforms) = postSolution
		{F91BBDBD-636B-458E-BFCB-4B4BCCC1924B}.Debug|Any CPU.ActiveCfg = Debug|Any CPU
		{F91BBDBD-636B-458E-BFCB-4B4BCCC1924B}.Debug|Any CPU.Build.0 = Debug|Any CPU
		{F91BBDBD-636B-458E-BFCB-4B4BCCC1924B}.Release|Any CPU.ActiveCfg = Release|Any CPU
		{F91BBDBD-636B-458E-BFCB-4B4BCCC1924B}.Release|Any CPU.Build.0 = Release|Any CPU
	EndGlobalSection
	GlobalSection(SolutionProperties) = preSolution
		HideSolutionNode = FALSE
	EndGlobalSection
	GlobalSection(ExtensibilityGlobals) = postSolution
		SolutionGuid = {B94E42CC-FD69-4E34-AFDD-A55AFA04EF0D}
	EndGlobalSection
EndGlobal
